// !$*UTF8*$!
{
	archiveVersion = 1;
	classes = {
	};
	objectVersion = 46;
	objects = {

/* Begin PBXBuildFile section */
		0913484D1C26810200AAB764 /* AppDelegate.swift in Sources */ = {isa = PBXBuildFile; fileRef = 0913484C1C26810200AAB764 /* AppDelegate.swift */; };
		091348521C26810200AAB764 /* Main.storyboard in Resources */ = {isa = PBXBuildFile; fileRef = 091348501C26810200AAB764 /* Main.storyboard */; };
		091348541C26810200AAB764 /* Assets.xcassets in Resources */ = {isa = PBXBuildFile; fileRef = 091348531C26810200AAB764 /* Assets.xcassets */; };
		091348571C26810200AAB764 /* LaunchScreen.storyboard in Resources */ = {isa = PBXBuildFile; fileRef = 091348551C26810200AAB764 /* LaunchScreen.storyboard */; };
		091348621C26810200AAB764 /* BigAppleWeatherTests.swift in Sources */ = {isa = PBXBuildFile; fileRef = 091348611C26810200AAB764 /* BigAppleWeatherTests.swift */; };
		0913486D1C26810200AAB764 /* BigAppleWeatherUITests.swift in Sources */ = {isa = PBXBuildFile; fileRef = 0913486C1C26810200AAB764 /* BigAppleWeatherUITests.swift */; };
		0913487B1C26822000AAB764 /* DaysInfo.swift in Sources */ = {isa = PBXBuildFile; fileRef = 0913487A1C26822000AAB764 /* DaysInfo.swift */; };
		0913487D1C26824600AAB764 /* WeatherInfo.swift in Sources */ = {isa = PBXBuildFile; fileRef = 0913487C1C26824600AAB764 /* WeatherInfo.swift */; };
		0913487F1C26827100AAB764 /* CityInfo.swift in Sources */ = {isa = PBXBuildFile; fileRef = 0913487E1C26827100AAB764 /* CityInfo.swift */; };
		091348811C2682AC00AAB764 /* WeatherDataController.swift in Sources */ = {isa = PBXBuildFile; fileRef = 091348801C2682AC00AAB764 /* WeatherDataController.swift */; };
		091348831C26830F00AAB764 /* WeatherPageViewController.swift in Sources */ = {isa = PBXBuildFile; fileRef = 091348821C26830F00AAB764 /* WeatherPageViewController.swift */; };
		091348851C26833F00AAB764 /* SinglePageViewController.swift in Sources */ = {isa = PBXBuildFile; fileRef = 091348841C26833F00AAB764 /* SinglePageViewController.swift */; };
		0989B3121C27B5630072082E /* PageData.swift in Sources */ = {isa = PBXBuildFile; fileRef = 0989B3111C27B5630072082E /* PageData.swift */; };
		DD1BE2C5590DC8A6474A5BA7 /* Pods.framework in Frameworks */ = {isa = PBXBuildFile; fileRef = 8F3996C9CC3AC634CFE62EFC /* Pods.framework */; };
/* End PBXBuildFile section */

/* Begin PBXContainerItemProxy section */
		0913485E1C26810200AAB764 /* PBXContainerItemProxy */ = {
			isa = PBXContainerItemProxy;
			containerPortal = 091348411C26810200AAB764 /* Project object */;
			proxyType = 1;
			remoteGlobalIDString = 091348481C26810200AAB764;
			remoteInfo = BigAppleWeather;
		};
		091348691C26810200AAB764 /* PBXContainerItemProxy */ = {
			isa = PBXContainerItemProxy;
			containerPortal = 091348411C26810200AAB764 /* Project object */;
			proxyType = 1;
			remoteGlobalIDString = 091348481C26810200AAB764;
			remoteInfo = BigAppleWeather;
		};
/* End PBXContainerItemProxy section */

/* Begin PBXFileReference section */
		091348491C26810200AAB764 /* BigAppleWeather.app */ = {isa = PBXFileReference; explicitFileType = wrapper.application; includeInIndex = 0; path = BigAppleWeather.app; sourceTree = BUILT_PRODUCTS_DIR; };
		0913484C1C26810200AAB764 /* AppDelegate.swift */ = {isa = PBXFileReference; lastKnownFileType = sourcecode.swift; path = AppDelegate.swift; sourceTree = "<group>"; };
		091348511C26810200AAB764 /* Base */ = {isa = PBXFileReference; lastKnownFileType = file.storyboard; name = Base; path = Base.lproj/Main.storyboard; sourceTree = "<group>"; };
		091348531C26810200AAB764 /* Assets.xcassets */ = {isa = PBXFileReference; lastKnownFileType = folder.assetcatalog; path = Assets.xcassets; sourceTree = "<group>"; };
		091348561C26810200AAB764 /* Base */ = {isa = PBXFileReference; lastKnownFileType = file.storyboard; name = Base; path = Base.lproj/LaunchScreen.storyboard; sourceTree = "<group>"; };
		091348581C26810200AAB764 /* Info.plist */ = {isa = PBXFileReference; lastKnownFileType = text.plist.xml; path = Info.plist; sourceTree = "<group>"; };
		0913485D1C26810200AAB764 /* BigAppleWeatherTests.xctest */ = {isa = PBXFileReference; explicitFileType = wrapper.cfbundle; includeInIndex = 0; path = BigAppleWeatherTests.xctest; sourceTree = BUILT_PRODUCTS_DIR; };
		091348611C26810200AAB764 /* BigAppleWeatherTests.swift */ = {isa = PBXFileReference; lastKnownFileType = sourcecode.swift; path = BigAppleWeatherTests.swift; sourceTree = "<group>"; };
		091348631C26810200AAB764 /* Info.plist */ = {isa = PBXFileReference; lastKnownFileType = text.plist.xml; path = Info.plist; sourceTree = "<group>"; };
		091348681C26810200AAB764 /* BigAppleWeatherUITests.xctest */ = {isa = PBXFileReference; explicitFileType = wrapper.cfbundle; includeInIndex = 0; path = BigAppleWeatherUITests.xctest; sourceTree = BUILT_PRODUCTS_DIR; };
		0913486C1C26810200AAB764 /* BigAppleWeatherUITests.swift */ = {isa = PBXFileReference; lastKnownFileType = sourcecode.swift; path = BigAppleWeatherUITests.swift; sourceTree = "<group>"; };
		0913486E1C26810200AAB764 /* Info.plist */ = {isa = PBXFileReference; lastKnownFileType = text.plist.xml; path = Info.plist; sourceTree = "<group>"; };
		0913487A1C26822000AAB764 /* DaysInfo.swift */ = {isa = PBXFileReference; fileEncoding = 4; lastKnownFileType = sourcecode.swift; path = DaysInfo.swift; sourceTree = "<group>"; };
		0913487C1C26824600AAB764 /* WeatherInfo.swift */ = {isa = PBXFileReference; fileEncoding = 4; lastKnownFileType = sourcecode.swift; path = WeatherInfo.swift; sourceTree = "<group>"; };
		0913487E1C26827100AAB764 /* CityInfo.swift */ = {isa = PBXFileReference; fileEncoding = 4; lastKnownFileType = sourcecode.swift; path = CityInfo.swift; sourceTree = "<group>"; };
		091348801C2682AC00AAB764 /* WeatherDataController.swift */ = {isa = PBXFileReference; fileEncoding = 4; lastKnownFileType = sourcecode.swift; path = WeatherDataController.swift; sourceTree = "<group>"; };
		091348821C26830F00AAB764 /* WeatherPageViewController.swift */ = {isa = PBXFileReference; fileEncoding = 4; lastKnownFileType = sourcecode.swift; path = WeatherPageViewController.swift; sourceTree = "<group>"; };
		091348841C26833F00AAB764 /* SinglePageViewController.swift */ = {isa = PBXFileReference; fileEncoding = 4; lastKnownFileType = sourcecode.swift; path = SinglePageViewController.swift; sourceTree = "<group>"; };
		0989B3111C27B5630072082E /* PageData.swift */ = {isa = PBXFileReference; fileEncoding = 4; lastKnownFileType = sourcecode.swift; path = PageData.swift; sourceTree = "<group>"; };
		2393C299EE5FAFAE29F81539 /* Pods.release.xcconfig */ = {isa = PBXFileReference; includeInIndex = 1; lastKnownFileType = text.xcconfig; name = Pods.release.xcconfig; path = "Pods/Target Support Files/Pods/Pods.release.xcconfig"; sourceTree = "<group>"; };
		43740E4A7EAFEAFA2D085264 /* Pods.debug.xcconfig */ = {isa = PBXFileReference; includeInIndex = 1; lastKnownFileType = text.xcconfig; name = Pods.debug.xcconfig; path = "Pods/Target Support Files/Pods/Pods.debug.xcconfig"; sourceTree = "<group>"; };
		8F3996C9CC3AC634CFE62EFC /* Pods.framework */ = {isa = PBXFileReference; explicitFileType = wrapper.framework; includeInIndex = 0; path = Pods.framework; sourceTree = BUILT_PRODUCTS_DIR; };
/* End PBXFileReference section */

/* Begin PBXFrameworksBuildPhase section */
		091348461C26810200AAB764 /* Frameworks */ = {
			isa = PBXFrameworksBuildPhase;
			buildActionMask = 2147483647;
			files = (
				DD1BE2C5590DC8A6474A5BA7 /* Pods.framework in Frameworks */,
			);
			runOnlyForDeploymentPostprocessing = 0;
		};
		0913485A1C26810200AAB764 /* Frameworks */ = {
			isa = PBXFrameworksBuildPhase;
			buildActionMask = 2147483647;
			files = (
			);
			runOnlyForDeploymentPostprocessing = 0;
		};
		091348651C26810200AAB764 /* Frameworks */ = {
			isa = PBXFrameworksBuildPhase;
			buildActionMask = 2147483647;
			files = (
			);
			runOnlyForDeploymentPostprocessing = 0;
		};
/* End PBXFrameworksBuildPhase section */

/* Begin PBXGroup section */
		091348401C26810200AAB764 = {
			isa = PBXGroup;
			children = (
				0913484B1C26810200AAB764 /* BigAppleWeather */,
				091348601C26810200AAB764 /* BigAppleWeatherTests */,
				0913486B1C26810200AAB764 /* BigAppleWeatherUITests */,
				0913484A1C26810200AAB764 /* Products */,
				3082ED32C32D5080A3C6E94D /* Pods */,
				F2118BAC708FBC2EE7A20B21 /* Frameworks */,
			);
			sourceTree = "<group>";
		};
		0913484A1C26810200AAB764 /* Products */ = {
			isa = PBXGroup;
			children = (
				091348491C26810200AAB764 /* BigAppleWeather.app */,
				0913485D1C26810200AAB764 /* BigAppleWeatherTests.xctest */,
				091348681C26810200AAB764 /* BigAppleWeatherUITests.xctest */,
			);
			name = Products;
			sourceTree = "<group>";
		};
		0913484B1C26810200AAB764 /* BigAppleWeather */ = {
			isa = PBXGroup;
			children = (
				0913484C1C26810200AAB764 /* AppDelegate.swift */,
				0913487A1C26822000AAB764 /* DaysInfo.swift */,
				0913487C1C26824600AAB764 /* WeatherInfo.swift */,
				0913487E1C26827100AAB764 /* CityInfo.swift */,
				091348801C2682AC00AAB764 /* WeatherDataController.swift */,
				091348821C26830F00AAB764 /* WeatherPageViewController.swift */,
				0989B3111C27B5630072082E /* PageData.swift */,
				091348841C26833F00AAB764 /* SinglePageViewController.swift */,
				091348501C26810200AAB764 /* Main.storyboard */,
				091348531C26810200AAB764 /* Assets.xcassets */,
				091348551C26810200AAB764 /* LaunchScreen.storyboard */,
				091348581C26810200AAB764 /* Info.plist */,
			);
			path = BigAppleWeather;
			sourceTree = "<group>";
		};
		091348601C26810200AAB764 /* BigAppleWeatherTests */ = {
			isa = PBXGroup;
			children = (
				091348611C26810200AAB764 /* BigAppleWeatherTests.swift */,
				091348631C26810200AAB764 /* Info.plist */,
			);
			path = BigAppleWeatherTests;
			sourceTree = "<group>";
		};
		0913486B1C26810200AAB764 /* BigAppleWeatherUITests */ = {
			isa = PBXGroup;
			children = (
				0913486C1C26810200AAB764 /* BigAppleWeatherUITests.swift */,
				0913486E1C26810200AAB764 /* Info.plist */,
			);
			path = BigAppleWeatherUITests;
			sourceTree = "<group>";
		};
		3082ED32C32D5080A3C6E94D /* Pods */ = {
			isa = PBXGroup;
			children = (
				43740E4A7EAFEAFA2D085264 /* Pods.debug.xcconfig */,
				2393C299EE5FAFAE29F81539 /* Pods.release.xcconfig */,
			);
			name = Pods;
			sourceTree = "<group>";
		};
		F2118BAC708FBC2EE7A20B21 /* Frameworks */ = {
			isa = PBXGroup;
			children = (
				8F3996C9CC3AC634CFE62EFC /* Pods.framework */,
			);
			name = Frameworks;
			sourceTree = "<group>";
		};
/* End PBXGroup section */

/* Begin PBXNativeTarget section */
		091348481C26810200AAB764 /* BigAppleWeather */ = {
			isa = PBXNativeTarget;
			buildConfigurationList = 091348711C26810200AAB764 /* Build configuration list for PBXNativeTarget "BigAppleWeather" */;
			buildPhases = (
				B74E910F85293B761A381B36 /* Check Pods Manifest.lock */,
				091348451C26810200AAB764 /* Sources */,
				091348461C26810200AAB764 /* Frameworks */,
				091348471C26810200AAB764 /* Resources */,
				A4EF10A8D5EBF97E8B2EAA70 /* Embed Pods Frameworks */,
				7CC424375F096EB9812594CF /* Copy Pods Resources */,
			);
			buildRules = (
			);
			dependencies = (
			);
			name = BigAppleWeather;
			productName = BigAppleWeather;
			productReference = 091348491C26810200AAB764 /* BigAppleWeather.app */;
			productType = "com.apple.product-type.application";
		};
		0913485C1C26810200AAB764 /* BigAppleWeatherTests */ = {
			isa = PBXNativeTarget;
			buildConfigurationList = 091348741C26810200AAB764 /* Build configuration list for PBXNativeTarget "BigAppleWeatherTests" */;
			buildPhases = (
				091348591C26810200AAB764 /* Sources */,
				0913485A1C26810200AAB764 /* Frameworks */,
				0913485B1C26810200AAB764 /* Resources */,
			);
			buildRules = (
			);
			dependencies = (
				0913485F1C26810200AAB764 /* PBXTargetDependency */,
			);
			name = BigAppleWeatherTests;
			productName = BigAppleWeatherTests;
			productReference = 0913485D1C26810200AAB764 /* BigAppleWeatherTests.xctest */;
			productType = "com.apple.product-type.bundle.unit-test";
		};
		091348671C26810200AAB764 /* BigAppleWeatherUITests */ = {
			isa = PBXNativeTarget;
			buildConfigurationList = 091348771C26810200AAB764 /* Build configuration list for PBXNativeTarget "BigAppleWeatherUITests" */;
			buildPhases = (
				091348641C26810200AAB764 /* Sources */,
				091348651C26810200AAB764 /* Frameworks */,
				091348661C26810200AAB764 /* Resources */,
			);
			buildRules = (
			);
			dependencies = (
				0913486A1C26810200AAB764 /* PBXTargetDependency */,
			);
			name = BigAppleWeatherUITests;
			productName = BigAppleWeatherUITests;
			productReference = 091348681C26810200AAB764 /* BigAppleWeatherUITests.xctest */;
			productType = "com.apple.product-type.bundle.ui-testing";
		};
/* End PBXNativeTarget section */

/* Begin PBXProject section */
		091348411C26810200AAB764 /* Project object */ = {
			isa = PBXProject;
			attributes = {
				LastSwiftUpdateCheck = 0720;
				LastUpgradeCheck = 0720;
				ORGANIZATIONNAME = "Yukui Ye";
				TargetAttributes = {
					091348481C26810200AAB764 = {
						CreatedOnToolsVersion = 7.2;
					};
					0913485C1C26810200AAB764 = {
						CreatedOnToolsVersion = 7.2;
						TestTargetID = 091348481C26810200AAB764;
					};
					091348671C26810200AAB764 = {
						CreatedOnToolsVersion = 7.2;
						TestTargetID = 091348481C26810200AAB764;
					};
				};
			};
			buildConfigurationList = 091348441C26810200AAB764 /* Build configuration list for PBXProject "BigAppleWeather" */;
			compatibilityVersion = "Xcode 3.2";
			developmentRegion = English;
			hasScannedForEncodings = 0;
			knownRegions = (
				en,
				Base,
			);
			mainGroup = 091348401C26810200AAB764;
			productRefGroup = 0913484A1C26810200AAB764 /* Products */;
			projectDirPath = "";
			projectRoot = "";
			targets = (
				091348481C26810200AAB764 /* BigAppleWeather */,
				0913485C1C26810200AAB764 /* BigAppleWeatherTests */,
				091348671C26810200AAB764 /* BigAppleWeatherUITests */,
			);
		};
/* End PBXProject section */

/* Begin PBXResourcesBuildPhase section */
		091348471C26810200AAB764 /* Resources */ = {
			isa = PBXResourcesBuildPhase;
			buildActionMask = 2147483647;
			files = (
				091348571C26810200AAB764 /* LaunchScreen.storyboard in Resources */,
				091348541C26810200AAB764 /* Assets.xcassets in Resources */,
				091348521C26810200AAB764 /* Main.storyboard in Resources */,
			);
			runOnlyForDeploymentPostprocessing = 0;
		};
		0913485B1C26810200AAB764 /* Resources */ = {
			isa = PBXResourcesBuildPhase;
			buildActionMask = 2147483647;
			files = (
			);
			runOnlyForDeploymentPostprocessing = 0;
		};
		091348661C26810200AAB764 /* Resources */ = {
			isa = PBXResourcesBuildPhase;
			buildActionMask = 2147483647;
			files = (
			);
			runOnlyForDeploymentPostprocessing = 0;
		};
/* End PBXResourcesBuildPhase section */

/* Begin PBXShellScriptBuildPhase section */
		7CC424375F096EB9812594CF /* Copy Pods Resources */ = {
			isa = PBXShellScriptBuildPhase;
			buildActionMask = 2147483647;
			files = (
			);
			inputPaths = (
			);
			name = "Copy Pods Resources";
			outputPaths = (
			);
			runOnlyForDeploymentPostprocessing = 0;
			shellPath = /bin/sh;
			shellScript = "\"${SRCROOT}/Pods/Target Support Files/Pods/Pods-resources.sh\"\n";
			showEnvVarsInLog = 0;
		};
		A4EF10A8D5EBF97E8B2EAA70 /* Embed Pods Frameworks */ = {
			isa = PBXShellScriptBuildPhase;
			buildActionMask = 2147483647;
			files = (
			);
			inputPaths = (
			);
			name = "Embed Pods Frameworks";
			outputPaths = (
			);
			runOnlyForDeploymentPostprocessing = 0;
			shellPath = /bin/sh;
			shellScript = "\"${SRCROOT}/Pods/Target Support Files/Pods/Pods-frameworks.sh\"\n";
			showEnvVarsInLog = 0;
		};
		B74E910F85293B761A381B36 /* Check Pods Manifest.lock */ = {
			isa = PBXShellScriptBuildPhase;
			buildActionMask = 2147483647;
			files = (
			);
			inputPaths = (
			);
			name = "Check Pods Manifest.lock";
			outputPaths = (
			);
			runOnlyForDeploymentPostprocessing = 0;
			shellPath = /bin/sh;
			shellScript = "diff \"${PODS_ROOT}/../Podfile.lock\" \"${PODS_ROOT}/Manifest.lock\" > /dev/null\nif [[ $? != 0 ]] ; then\n    cat << EOM\nerror: The sandbox is not in sync with the Podfile.lock. Run 'pod install' or update your CocoaPods installation.\nEOM\n    exit 1\nfi\n";
			showEnvVarsInLog = 0;
		};
/* End PBXShellScriptBuildPhase section */

/* Begin PBXSourcesBuildPhase section */
		091348451C26810200AAB764 /* Sources */ = {
			isa = PBXSourcesBuildPhase;
			buildActionMask = 2147483647;
			files = (
				0989B3121C27B5630072082E /* PageData.swift in Sources */,
				0913487B1C26822000AAB764 /* DaysInfo.swift in Sources */,
				0913484D1C26810200AAB764 /* AppDelegate.swift in Sources */,
				091348851C26833F00AAB764 /* SinglePageViewController.swift in Sources */,
				091348831C26830F00AAB764 /* WeatherPageViewController.swift in Sources */,
				091348811C2682AC00AAB764 /* WeatherDataController.swift in Sources */,
				0913487F1C26827100AAB764 /* CityInfo.swift in Sources */,
				0913487D1C26824600AAB764 /* WeatherInfo.swift in Sources */,
			);
			runOnlyForDeploymentPostprocessing = 0;
		};
		091348591C26810200AAB764 /* Sources */ = {
			isa = PBXSourcesBuildPhase;
			buildActionMask = 2147483647;
			files = (
				091348621C26810200AAB764 /* BigAppleWeatherTests.swift in Sources */,
			);
			runOnlyForDeploymentPostprocessing = 0;
		};
		091348641C26810200AAB764 /* Sources */ = {
			isa = PBXSourcesBuildPhase;
			buildActionMask = 2147483647;
			files = (
				0913486D1C26810200AAB764 /* BigAppleWeatherUITests.swift in Sources */,
			);
			runOnlyForDeploymentPostprocessing = 0;
		};
/* End PBXSourcesBuildPhase section */

/* Begin PBXTargetDependency section */
		0913485F1C26810200AAB764 /* PBXTargetDependency */ = {
			isa = PBXTargetDependency;
			target = 091348481C26810200AAB764 /* BigAppleWeather */;
			targetProxy = 0913485E1C26810200AAB764 /* PBXContainerItemProxy */;
		};
		0913486A1C26810200AAB764 /* PBXTargetDependency */ = {
			isa = PBXTargetDependency;
			target = 091348481C26810200AAB764 /* BigAppleWeather */;
			targetProxy = 091348691C26810200AAB764 /* PBXContainerItemProxy */;
		};
/* End PBXTargetDependency section */

/* Begin PBXVariantGroup section */
		091348501C26810200AAB764 /* Main.storyboard */ = {
			isa = PBXVariantGroup;
			children = (
				091348511C26810200AAB764 /* Base */,
			);
			name = Main.storyboard;
			sourceTree = "<group>";
		};
		091348551C26810200AAB764 /* LaunchScreen.storyboard */ = {
			isa = PBXVariantGroup;
			children = (
				091348561C26810200AAB764 /* Base */,
			);
			name = LaunchScreen.storyboard;
			sourceTree = "<group>";
		};
/* End PBXVariantGroup section */

/* Begin XCBuildConfiguration section */
		0913486F1C26810200AAB764 /* Debug */ = {
			isa = XCBuildConfiguration;
			buildSettings = {
				ALWAYS_SEARCH_USER_PATHS = NO;
				CLANG_CXX_LANGUAGE_STANDARD = "gnu++0x";
				CLANG_CXX_LIBRARY = "libc++";
				CLANG_ENABLE_MODULES = YES;
				CLANG_ENABLE_OBJC_ARC = YES;
				CLANG_WARN_BOOL_CONVERSION = YES;
				CLANG_WARN_CONSTANT_CONVERSION = YES;
				CLANG_WARN_DIRECT_OBJC_ISA_USAGE = YES_ERROR;
				CLANG_WARN_EMPTY_BODY = YES;
				CLANG_WARN_ENUM_CONVERSION = YES;
				CLANG_WARN_INT_CONVERSION = YES;
				CLANG_WARN_OBJC_ROOT_CLASS = YES_ERROR;
				CLANG_WARN_UNREACHABLE_CODE = YES;
				CLANG_WARN__DUPLICATE_METHOD_MATCH = YES;
				"CODE_SIGN_IDENTITY[sdk=iphoneos*]" = "iPhone Developer";
				COPY_PHASE_STRIP = NO;
				DEBUG_INFORMATION_FORMAT = dwarf;
				ENABLE_STRICT_OBJC_MSGSEND = YES;
				ENABLE_TESTABILITY = YES;
				GCC_C_LANGUAGE_STANDARD = gnu99;
				GCC_DYNAMIC_NO_PIC = NO;
				GCC_NO_COMMON_BLOCKS = YES;
				GCC_OPTIMIZATION_LEVEL = 0;
				GCC_PREPROCESSOR_DEFINITIONS = (
					"DEBUG=1",
					"$(inherited)",
				);
				GCC_WARN_64_TO_32_BIT_CONVERSION = YES;
				GCC_WARN_ABOUT_RETURN_TYPE = YES_ERROR;
				GCC_WARN_UNDECLARED_SELECTOR = YES;
				GCC_WARN_UNINITIALIZED_AUTOS = YES_AGGRESSIVE;
				GCC_WARN_UNUSED_FUNCTION = YES;
				GCC_WARN_UNUSED_VARIABLE = YES;
				IPHONEOS_DEPLOYMENT_TARGET = 9.2;
				MTL_ENABLE_DEBUG_INFO = YES;
				ONLY_ACTIVE_ARCH = YES;
				SDKROOT = iphoneos;
				SWIFT_OPTIMIZATION_LEVEL = "-Onone";
				TARGETED_DEVICE_FAMILY = "1,2";
			};
			name = Debug;
		};
		091348701C26810200AAB764 /* Release */ = {
			isa = XCBuildConfiguration;
			buildSettings = {
				ALWAYS_SEARCH_USER_PATHS = NO;
				CLANG_CXX_LANGUAGE_STANDARD = "gnu++0x";
				CLANG_CXX_LIBRARY = "libc++";
				CLANG_ENABLE_MODULES = YES;
				CLANG_ENABLE_OBJC_ARC = YES;
				CLANG_WARN_BOOL_CONVERSION = YES;
				CLANG_WARN_CONSTANT_CONVERSION = YES;
				CLANG_WARN_DIRECT_OBJC_ISA_USAGE = YES_ERROR;
				CLANG_WARN_EMPTY_BODY = YES;
				CLANG_WARN_ENUM_CONVERSION = YES;
				CLANG_WARN_INT_CONVERSION = YES;
				CLANG_WARN_OBJC_ROOT_CLASS = YES_ERROR;
				CLANG_WARN_UNREACHABLE_CODE = YES;
				CLANG_WARN__DUPLICATE_METHOD_MATCH = YES;
				"CODE_SIGN_IDENTITY[sdk=iphoneos*]" = "iPhone Developer";
				COPY_PHASE_STRIP = NO;
				DEBUG_INFORMATION_FORMAT = "dwarf-with-dsym";
				ENABLE_NS_ASSERTIONS = NO;
				ENABLE_STRICT_OBJC_MSGSEND = YES;
				GCC_C_LANGUAGE_STANDARD = gnu99;
				GCC_NO_COMMON_BLOCKS = YES;
				GCC_WARN_64_TO_32_BIT_CONVERSION = YES;
				GCC_WARN_ABOUT_RETURN_TYPE = YES_ERROR;
				GCC_WARN_UNDECLARED_SELECTOR = YES;
				GCC_WARN_UNINITIALIZED_AUTOS = YES_AGGRESSIVE;
				GCC_WARN_UNUSED_FUNCTION = YES;
				GCC_WARN_UNUSED_VARIABLE = YES;
				IPHONEOS_DEPLOYMENT_TARGET = 9.2;
				MTL_ENABLE_DEBUG_INFO = NO;
				SDKROOT = iphoneos;
				TARGETED_DEVICE_FAMILY = "1,2";
				VALIDATE_PRODUCT = YES;
			};
			name = Release;
		};
		091348721C26810200AAB764 /* Debug */ = {
			isa = XCBuildConfiguration;
			baseConfigurationReference = 43740E4A7EAFEAFA2D085264 /* Pods.debug.xcconfig */;
			buildSettings = {
				ASSETCATALOG_COMPILER_APPICON_NAME = AppIcon;
				INFOPLIST_FILE = BigAppleWeather/Info.plist;
				LD_RUNPATH_SEARCH_PATHS = "$(inherited) @executable_path/Frameworks";
				PRODUCT_BUNDLE_IDENTIFIER = com.yye.BigAppleWeather;
				PRODUCT_NAME = "$(TARGET_NAME)";
			};
			name = Debug;
		};
		091348731C26810200AAB764 /* Release */ = {
			isa = XCBuildConfiguration;
			baseConfigurationReference = 2393C299EE5FAFAE29F81539 /* Pods.release.xcconfig */;
			buildSettings = {
				ASSETCATALOG_COMPILER_APPICON_NAME = AppIcon;
				INFOPLIST_FILE = BigAppleWeather/Info.plist;
				LD_RUNPATH_SEARCH_PATHS = "$(inherited) @executable_path/Frameworks";
				PRODUCT_BUNDLE_IDENTIFIER = com.yye.BigAppleWeather;
				PRODUCT_NAME = "$(TARGET_NAME)";
			};
			name = Release;
		};
		091348751C26810200AAB764 /* Debug */ = {
			isa = XCBuildConfiguration;
			buildSettings = {
				BUNDLE_LOADER = "$(TEST_HOST)";
				INFOPLIST_FILE = BigAppleWeatherTests/Info.plist;
				LD_RUNPATH_SEARCH_PATHS = "$(inherited) @executable_path/Frameworks @loader_path/Frameworks";
				PRODUCT_BUNDLE_IDENTIFIER = com.yye.BigAppleWeatherTests;
				PRODUCT_NAME = "$(TARGET_NAME)";
				TEST_HOST = "$(BUILT_PRODUCTS_DIR)/BigAppleWeather.app/BigAppleWeather";
			};
			name = Debug;
		};
		091348761C26810200AAB764 /* Release */ = {
			isa = XCBuildConfiguration;
			buildSettings = {
				BUNDLE_LOADER = "$(TEST_HOST)";
				INFOPLIST_FILE = BigAppleWeatherTests/Info.plist;
				LD_RUNPATH_SEARCH_PATHS = "$(inherited) @executable_path/Frameworks @loader_path/Frameworks";
				PRODUCT_BUNDLE_IDENTIFIER = com.yye.BigAppleWeatherTests;
				PRODUCT_NAME = "$(TARGET_NAME)";
				TEST_HOST = "$(BUILT_PRODUCTS_DIR)/BigAppleWeather.app/BigAppleWeather";
			};
			name = Release;
		};
		091348781C26810200AAB764 /* Debug */ = {
			isa = XCBuildConfiguration;
			buildSettings = {
				INFOPLIST_FILE = BigAppleWeatherUITests/Info.plist;
				LD_RUNPATH_SEARCH_PATHS = "$(inherited) @executable_path/Frameworks @loader_path/Frameworks";
				PRODUCT_BUNDLE_IDENTIFIER = com.yye.BigAppleWeatherUITests;
				PRODUCT_NAME = "$(TARGET_NAME)";
				TEST_TARGET_NAME = BigAppleWeather;
				USES_XCTRUNNER = YES;
			};
			name = Debug;
		};
		091348791C26810200AAB764 /* Release */ = {
			isa = XCBuildConfiguration;
			buildSettings = {
				INFOPLIST_FILE = BigAppleWeatherUITests/Info.plist;
				LD_RUNPATH_SEARCH_PATHS = "$(inherited) @executable_path/Frameworks @loader_path/Frameworks";
				PRODUCT_BUNDLE_IDENTIFIER = com.yye.BigAppleWeatherUITests;
				PRODUCT_NAME = "$(TARGET_NAME)";
				TEST_TARGET_NAME = BigAppleWeather;
				USES_XCTRUNNER = YES;
			};
			name = Release;
		};
/* End XCBuildConfiguration section */

/* Begin XCConfigurationList section */
		091348441C26810200AAB764 /* Build configuration list for PBXProject "BigAppleWeather" */ = {
			isa = XCConfigurationList;
			buildConfigurations = (
				0913486F1C26810200AAB764 /* Debug */,
				091348701C26810200AAB764 /* Release */,
			);
			defaultConfigurationIsVisible = 0;
			defaultConfigurationName = Release;
		};
		091348711C26810200AAB764 /* Build configuration list for PBXNativeTarget "BigAppleWeather" */ = {
			isa = XCConfigurationList;
			buildConfigurations = (
				091348721C26810200AAB764 /* Debug */,
				091348731C26810200AAB764 /* Release */,
			);
			defaultConfigurationIsVisible = 0;
			defaultConfigurationName = Release;
		};
		091348741C26810200AAB764 /* Build configuration list for PBXNativeTarget "BigAppleWeatherTests" */ = {
			isa = XCConfigurationList;
			buildConfigurations = (
				091348751C26810200AAB764 /* Debug */,
				091348761C26810200AAB764 /* Release */,
			);
			defaultConfigurationIsVisible = 0;
			defaultConfigurationName = Release;
		};
		091348771C26810200AAB764 /* Build configuration list for PBXNativeTarget "BigAppleWeatherUITests" */ = {
			isa = XCConfigurationList;
			buildConfigurations = (
				091348781C26810200AAB764 /* Debug */,
				091348791C26810200AAB764 /* Release */,
			);
			defaultConfigurationIsVisible = 0;
			defaultConfigurationName = Release;
		};
/* End XCConfigurationList section */
	};
	rootObject = 091348411C26810200AAB764 /* Project object */;
}
